
Microsoft Visual Studio Solution File, Format Version 12.00
# Visual Studio Version 17
VisualStudioVersion = 17.0.32112.339
MinimumVisualStudioVersion = 10.0.40219.1
Project("{9A19103F-16F7-4668-BE54-9A1E7A4F7556}") = "T01PasswordReset", "T01PasswordReset\T01PasswordReset.csproj", "{8186ADDC-C1FD-495B-BE08-03DB24EF90E5}"
EndProject
Project("{9A19103F-16F7-4668-BE54-9A1E7A4F7556}") = "T02", "T02\T02.csproj", "{3BB7EFB6-CC95-4FD5-8654-17D785B10ADC}"
EndProject
Project("{FAE04EC0-301F-11D3-BF4B-00C04F79EFBC}") = "T03Heroes", "T03Heroes\T03Heroes.csproj", "{8AA0056D-0427-48BF-B70E-A6F200CD87EB}"
EndProject
Global
	GlobalSection(SolutionConfigurationPlatforms) = preSolution
		Debug|Any CPU = Debug|Any CPU
		Release|Any CPU = Release|Any CPU
	EndGlobalSection
	GlobalSection(ProjectConfigurationPlatforms) = postSolution
		{8186ADDC-C1FD-495B-BE08-03DB24EF90E5}.Debug|Any CPU.ActiveCfg = Debug|Any CPU
		{8186ADDC-C1FD-495B-BE08-03DB24EF90E5}.Debug|Any CPU.Build.0 = Debug|Any CPU
		{8186ADDC-C1FD-495B-BE08-03DB24EF90E5}.Release|Any CPU.ActiveCfg = Release|Any CPU
		{8186ADDC-C1FD-495B-BE08-03DB24EF90E5}.Release|Any CPU.Build.0 = Release|Any CPU
		{3BB7EFB6-CC95-4FD5-8654-17D785B10ADC}.Debug|Any CPU.ActiveCfg = Debug|Any CPU
		{3BB7EFB6-CC95-4FD5-8654-17D785B10ADC}.Debug|Any CPU.Build.0 = Debug|Any CPU
		{3BB7EFB6-CC95-4FD5-8654-17D785B10ADC}.Release|Any CPU.ActiveCfg = Release|Any CPU
		{3BB7EFB6-CC95-4FD5-8654-17D785B10ADC}.Release|Any CPU.Build.0 = Release|Any CPU
		{8AA0056D-0427-48BF-B70E-A6F200CD87EB}.Debug|Any CPU.ActiveCfg = Debug|Any CPU
		{8AA0056D-0427-48BF-B70E-A6F200CD87EB}.Debug|Any CPU.Build.0 = Debug|Any CPU
		{8AA0056D-0427-48BF-B70E-A6F200CD87EB}.Release|Any CPU.ActiveCfg = Release|Any CPU
		{8AA0056D-0427-48BF-B70E-A6F200CD87EB}.Release|Any CPU.Build.0 = Release|Any CPU
	EndGlobalSection
	GlobalSection(SolutionProperties) = preSolution
		HideSolutionNode = FALSE
	EndGlobalSection
	GlobalSection(ExtensibilityGlobals) = postSolution
		SolutionGuid = {D05F3F0B-A6FF-48A7-A8A1-3C4D4C627BCE}
	EndGlobalSection
EndGlobal
