
Microsoft Visual Studio Solution File, Format Version 12.00
# Visual Studio Version 17
VisualStudioVersion = 17.0.32112.339
MinimumVisualStudioVersion = 10.0.40219.1
Project("{FAE04EC0-301F-11D3-BF4B-00C04F79EFBC}") = "T01.ValidUsername", "T01.ValidUsername\T01.ValidUsername.csproj", "{77077B58-BA79-4DD4-86ED-5CF985C56505}"
EndProject
Project("{FAE04EC0-301F-11D3-BF4B-00C04F79EFBC}") = "T02.CharacterMultiply", "T02.CharacterMultiply\T02.CharacterMultiply.csproj", "{AB0D7977-5DE6-4E85-8D09-10486EA1EF3F}"
EndProject
Project("{FAE04EC0-301F-11D3-BF4B-00C04F79EFBC}") = "T03.ExtractFile", "T03.ExtractFile\T03.ExtractFile.csproj", "{6DCEC8D8-5812-4F13-80B8-BFBC562392F1}"
EndProject
Project("{FAE04EC0-301F-11D3-BF4B-00C04F79EFBC}") = "T04.CaesarCipher", "T04.CaesarCipher\T04.CaesarCipher.csproj", "{F09584BE-3C66-4425-B3C1-A33C3951506D}"
EndProject
Global
	GlobalSection(SolutionConfigurationPlatforms) = preSolution
		Debug|Any CPU = Debug|Any CPU
		Release|Any CPU = Release|Any CPU
	EndGlobalSection
	GlobalSection(ProjectConfigurationPlatforms) = postSolution
		{77077B58-BA79-4DD4-86ED-5CF985C56505}.Debug|Any CPU.ActiveCfg = Debug|Any CPU
		{77077B58-BA79-4DD4-86ED-5CF985C56505}.Debug|Any CPU.Build.0 = Debug|Any CPU
		{77077B58-BA79-4DD4-86ED-5CF985C56505}.Release|Any CPU.ActiveCfg = Release|Any CPU
		{77077B58-BA79-4DD4-86ED-5CF985C56505}.Release|Any CPU.Build.0 = Release|Any CPU
		{AB0D7977-5DE6-4E85-8D09-10486EA1EF3F}.Debug|Any CPU.ActiveCfg = Debug|Any CPU
		{AB0D7977-5DE6-4E85-8D09-10486EA1EF3F}.Debug|Any CPU.Build.0 = Debug|Any CPU
		{AB0D7977-5DE6-4E85-8D09-10486EA1EF3F}.Release|Any CPU.ActiveCfg = Release|Any CPU
		{AB0D7977-5DE6-4E85-8D09-10486EA1EF3F}.Release|Any CPU.Build.0 = Release|Any CPU
		{6DCEC8D8-5812-4F13-80B8-BFBC562392F1}.Debug|Any CPU.ActiveCfg = Debug|Any CPU
		{6DCEC8D8-5812-4F13-80B8-BFBC562392F1}.Debug|Any CPU.Build.0 = Debug|Any CPU
		{6DCEC8D8-5812-4F13-80B8-BFBC562392F1}.Release|Any CPU.ActiveCfg = Release|Any CPU
		{6DCEC8D8-5812-4F13-80B8-BFBC562392F1}.Release|Any CPU.Build.0 = Release|Any CPU
		{F09584BE-3C66-4425-B3C1-A33C3951506D}.Debug|Any CPU.ActiveCfg = Debug|Any CPU
		{F09584BE-3C66-4425-B3C1-A33C3951506D}.Debug|Any CPU.Build.0 = Debug|Any CPU
		{F09584BE-3C66-4425-B3C1-A33C3951506D}.Release|Any CPU.ActiveCfg = Release|Any CPU
		{F09584BE-3C66-4425-B3C1-A33C3951506D}.Release|Any CPU.Build.0 = Release|Any CPU
	EndGlobalSection
	GlobalSection(SolutionProperties) = preSolution
		HideSolutionNode = FALSE
	EndGlobalSection
	GlobalSection(ExtensibilityGlobals) = postSolution
		SolutionGuid = {776BFDEC-61E9-4AAF-ADA5-05747AF4A50F}
	EndGlobalSection
EndGlobal
