
Microsoft Visual Studio Solution File, Format Version 12.00
# Visual Studio Version 16
VisualStudioVersion = 16.0.31515.178
MinimumVisualStudioVersion = 10.0.40219.1
Project("{FAE04EC0-301F-11D3-BF4B-00C04F79EFBC}") = "Nums1to50", "Nums1to50\Nums1to50.csproj", "{A5B9DAED-E49E-41CE-A7B7-D6F41B08877D}"
EndProject
Global
	GlobalSection(SolutionConfigurationPlatforms) = preSolution
		Debug|Any CPU = Debug|Any CPU
		Release|Any CPU = Release|Any CPU
	EndGlobalSection
	GlobalSection(ProjectConfigurationPlatforms) = postSolution
		{A5B9DAED-E49E-41CE-A7B7-D6F41B08877D}.Debug|Any CPU.ActiveCfg = Debug|Any CPU
		{A5B9DAED-E49E-41CE-A7B7-D6F41B08877D}.Debug|Any CPU.Build.0 = Debug|Any CPU
		{A5B9DAED-E49E-41CE-A7B7-D6F41B08877D}.Release|Any CPU.ActiveCfg = Release|Any CPU
		{A5B9DAED-E49E-41CE-A7B7-D6F41B08877D}.Release|Any CPU.Build.0 = Release|Any CPU
	EndGlobalSection
	GlobalSection(SolutionProperties) = preSolution
		HideSolutionNode = FALSE
	EndGlobalSection
	GlobalSection(ExtensibilityGlobals) = postSolution
		SolutionGuid = {BD516C9D-3D92-4204-9AA8-51F08BD420EC}
	EndGlobalSection
EndGlobal
