
Microsoft Visual Studio Solution File, Format Version 12.00
# Visual Studio Version 17
VisualStudioVersion = 17.0.32112.339
MinimumVisualStudioVersion = 10.0.40219.1
Project("{9A19103F-16F7-4668-BE54-9A1E7A4F7556}") = "T01.DayOfWeek", "T01.DayOfWeek\T01.DayOfWeek.csproj", "{2F78920D-C089-4D6E-9B61-1FE55F7E25A8}"
EndProject
Project("{9A19103F-16F7-4668-BE54-9A1E7A4F7556}") = "T02.PrintNumbersinReverseOrder", "T02.PrintNumbersinReverseOrder\T02.PrintNumbersinReverseOrder.csproj", "{32940094-AA65-403E-9E0B-E5B05FE5DBC3}"
EndProject
Project("{FAE04EC0-301F-11D3-BF4B-00C04F79EFBC}") = "03.RoundingNumbers", "03.RoundingNumbers\03.RoundingNumbers.csproj", "{5581D9F6-D2C8-4305-893F-A71F500ECC76}"
EndProject
Global
	GlobalSection(SolutionConfigurationPlatforms) = preSolution
		Debug|Any CPU = Debug|Any CPU
		Release|Any CPU = Release|Any CPU
	EndGlobalSection
	GlobalSection(ProjectConfigurationPlatforms) = postSolution
		{2F78920D-C089-4D6E-9B61-1FE55F7E25A8}.Debug|Any CPU.ActiveCfg = Debug|Any CPU
		{2F78920D-C089-4D6E-9B61-1FE55F7E25A8}.Debug|Any CPU.Build.0 = Debug|Any CPU
		{2F78920D-C089-4D6E-9B61-1FE55F7E25A8}.Release|Any CPU.ActiveCfg = Release|Any CPU
		{2F78920D-C089-4D6E-9B61-1FE55F7E25A8}.Release|Any CPU.Build.0 = Release|Any CPU
		{32940094-AA65-403E-9E0B-E5B05FE5DBC3}.Debug|Any CPU.ActiveCfg = Debug|Any CPU
		{32940094-AA65-403E-9E0B-E5B05FE5DBC3}.Debug|Any CPU.Build.0 = Debug|Any CPU
		{32940094-AA65-403E-9E0B-E5B05FE5DBC3}.Release|Any CPU.ActiveCfg = Release|Any CPU
		{32940094-AA65-403E-9E0B-E5B05FE5DBC3}.Release|Any CPU.Build.0 = Release|Any CPU
		{5581D9F6-D2C8-4305-893F-A71F500ECC76}.Debug|Any CPU.ActiveCfg = Debug|Any CPU
		{5581D9F6-D2C8-4305-893F-A71F500ECC76}.Debug|Any CPU.Build.0 = Debug|Any CPU
		{5581D9F6-D2C8-4305-893F-A71F500ECC76}.Release|Any CPU.ActiveCfg = Release|Any CPU
		{5581D9F6-D2C8-4305-893F-A71F500ECC76}.Release|Any CPU.Build.0 = Release|Any CPU
	EndGlobalSection
	GlobalSection(SolutionProperties) = preSolution
		HideSolutionNode = FALSE
	EndGlobalSection
	GlobalSection(ExtensibilityGlobals) = postSolution
		SolutionGuid = {257D0BD7-7D7E-414E-A6BD-3483230D15B2}
	EndGlobalSection
EndGlobal
