
Microsoft Visual Studio Solution File, Format Version 12.00
# Visual Studio Version 17
VisualStudioVersion = 17.0.32112.339
MinimumVisualStudioVersion = 10.0.40219.1
Project("{FAE04EC0-301F-11D3-BF4B-00C04F79EFBC}") = "ExamPractise", "ExamPractise\ExamPractise.csproj", "{FFF33E2E-52AB-4A44-98F9-2DE299B984CB}"
EndProject
Project("{FAE04EC0-301F-11D3-BF4B-00C04F79EFBC}") = "T02", "T02\T02.csproj", "{6AEA7937-E12C-442E-AFC1-200435A7F9C6}"
EndProject
Project("{FAE04EC0-301F-11D3-BF4B-00C04F79EFBC}") = "T.03", "T.03\T.03.csproj", "{A1300EBA-122C-4A75-8CD3-C4BBD3C182ED}"
EndProject
Global
	GlobalSection(SolutionConfigurationPlatforms) = preSolution
		Debug|Any CPU = Debug|Any CPU
		Release|Any CPU = Release|Any CPU
	EndGlobalSection
	GlobalSection(ProjectConfigurationPlatforms) = postSolution
		{FFF33E2E-52AB-4A44-98F9-2DE299B984CB}.Debug|Any CPU.ActiveCfg = Debug|Any CPU
		{FFF33E2E-52AB-4A44-98F9-2DE299B984CB}.Debug|Any CPU.Build.0 = Debug|Any CPU
		{FFF33E2E-52AB-4A44-98F9-2DE299B984CB}.Release|Any CPU.ActiveCfg = Release|Any CPU
		{FFF33E2E-52AB-4A44-98F9-2DE299B984CB}.Release|Any CPU.Build.0 = Release|Any CPU
		{6AEA7937-E12C-442E-AFC1-200435A7F9C6}.Debug|Any CPU.ActiveCfg = Debug|Any CPU
		{6AEA7937-E12C-442E-AFC1-200435A7F9C6}.Debug|Any CPU.Build.0 = Debug|Any CPU
		{6AEA7937-E12C-442E-AFC1-200435A7F9C6}.Release|Any CPU.ActiveCfg = Release|Any CPU
		{6AEA7937-E12C-442E-AFC1-200435A7F9C6}.Release|Any CPU.Build.0 = Release|Any CPU
		{A1300EBA-122C-4A75-8CD3-C4BBD3C182ED}.Debug|Any CPU.ActiveCfg = Debug|Any CPU
		{A1300EBA-122C-4A75-8CD3-C4BBD3C182ED}.Debug|Any CPU.Build.0 = Debug|Any CPU
		{A1300EBA-122C-4A75-8CD3-C4BBD3C182ED}.Release|Any CPU.ActiveCfg = Release|Any CPU
		{A1300EBA-122C-4A75-8CD3-C4BBD3C182ED}.Release|Any CPU.Build.0 = Release|Any CPU
	EndGlobalSection
	GlobalSection(SolutionProperties) = preSolution
		HideSolutionNode = FALSE
	EndGlobalSection
	GlobalSection(ExtensibilityGlobals) = postSolution
		SolutionGuid = {C766CC96-0E2D-479A-82AE-9AFCE3B31804}
	EndGlobalSection
EndGlobal
