
Microsoft Visual Studio Solution File, Format Version 12.00
# Visual Studio Version 17
VisualStudioVersion = 17.0.32112.339
MinimumVisualStudioVersion = 10.0.40219.1
Project("{9A19103F-16F7-4668-BE54-9A1E7A4F7556}") = "T01.SumAdjasentEqualNumbers", "T01.SumAdjasentEqualNumbers\T01.SumAdjasentEqualNumbers.csproj", "{71FA1B66-E725-457F-9226-44EB328DB8EA}"
EndProject
Project("{9A19103F-16F7-4668-BE54-9A1E7A4F7556}") = "T02.2. GaussTrick", "T02.2. GaussTrick\T02.2. GaussTrick.csproj", "{64965804-A8F9-4B6C-925D-80E6C2A46999}"
EndProject
Project("{9A19103F-16F7-4668-BE54-9A1E7A4F7556}") = "T03.MergingLists", "T03.MergingLists\T03.MergingLists.csproj", "{96355682-8FD5-4582-8AA0-ED9E1E94DB1F}"
EndProject
Project("{9A19103F-16F7-4668-BE54-9A1E7A4F7556}") = "T04.ListofProducts", "T04.ListofProducts\T04.ListofProducts.csproj", "{B592A97A-36A3-4BF9-AB08-E2A8C6FA98D8}"
EndProject
Project("{9A19103F-16F7-4668-BE54-9A1E7A4F7556}") = "T05.RemoveNegativesandReverse", "T05.RemoveNegativesandReverse\T05.RemoveNegativesandReverse.csproj", "{C33925A8-D2D1-4605-93B2-6199B05E18EA}"
EndProject
Project("{FAE04EC0-301F-11D3-BF4B-00C04F79EFBC}") = "T06.ListManipulationBasics", "T06.ListManipulationBasics\T06.ListManipulationBasics.csproj", "{D841C35E-5668-4A46-BCFA-7629BD542516}"
EndProject
Project("{FAE04EC0-301F-11D3-BF4B-00C04F79EFBC}") = "Т07.ListManipulationAdvanced", "Т07.ListManipulationAdvanced\Т07.ListManipulationAdvanced.csproj", "{6AC16863-3D02-4EED-957A-2EFA6D5CCDF8}"
EndProject
Global
	GlobalSection(SolutionConfigurationPlatforms) = preSolution
		Debug|Any CPU = Debug|Any CPU
		Release|Any CPU = Release|Any CPU
	EndGlobalSection
	GlobalSection(ProjectConfigurationPlatforms) = postSolution
		{71FA1B66-E725-457F-9226-44EB328DB8EA}.Debug|Any CPU.ActiveCfg = Debug|Any CPU
		{71FA1B66-E725-457F-9226-44EB328DB8EA}.Debug|Any CPU.Build.0 = Debug|Any CPU
		{71FA1B66-E725-457F-9226-44EB328DB8EA}.Release|Any CPU.ActiveCfg = Release|Any CPU
		{71FA1B66-E725-457F-9226-44EB328DB8EA}.Release|Any CPU.Build.0 = Release|Any CPU
		{64965804-A8F9-4B6C-925D-80E6C2A46999}.Debug|Any CPU.ActiveCfg = Debug|Any CPU
		{64965804-A8F9-4B6C-925D-80E6C2A46999}.Debug|Any CPU.Build.0 = Debug|Any CPU
		{64965804-A8F9-4B6C-925D-80E6C2A46999}.Release|Any CPU.ActiveCfg = Release|Any CPU
		{64965804-A8F9-4B6C-925D-80E6C2A46999}.Release|Any CPU.Build.0 = Release|Any CPU
		{96355682-8FD5-4582-8AA0-ED9E1E94DB1F}.Debug|Any CPU.ActiveCfg = Debug|Any CPU
		{96355682-8FD5-4582-8AA0-ED9E1E94DB1F}.Debug|Any CPU.Build.0 = Debug|Any CPU
		{96355682-8FD5-4582-8AA0-ED9E1E94DB1F}.Release|Any CPU.ActiveCfg = Release|Any CPU
		{96355682-8FD5-4582-8AA0-ED9E1E94DB1F}.Release|Any CPU.Build.0 = Release|Any CPU
		{B592A97A-36A3-4BF9-AB08-E2A8C6FA98D8}.Debug|Any CPU.ActiveCfg = Debug|Any CPU
		{B592A97A-36A3-4BF9-AB08-E2A8C6FA98D8}.Debug|Any CPU.Build.0 = Debug|Any CPU
		{B592A97A-36A3-4BF9-AB08-E2A8C6FA98D8}.Release|Any CPU.ActiveCfg = Release|Any CPU
		{B592A97A-36A3-4BF9-AB08-E2A8C6FA98D8}.Release|Any CPU.Build.0 = Release|Any CPU
		{C33925A8-D2D1-4605-93B2-6199B05E18EA}.Debug|Any CPU.ActiveCfg = Debug|Any CPU
		{C33925A8-D2D1-4605-93B2-6199B05E18EA}.Debug|Any CPU.Build.0 = Debug|Any CPU
		{C33925A8-D2D1-4605-93B2-6199B05E18EA}.Release|Any CPU.ActiveCfg = Release|Any CPU
		{C33925A8-D2D1-4605-93B2-6199B05E18EA}.Release|Any CPU.Build.0 = Release|Any CPU
		{D841C35E-5668-4A46-BCFA-7629BD542516}.Debug|Any CPU.ActiveCfg = Debug|Any CPU
		{D841C35E-5668-4A46-BCFA-7629BD542516}.Debug|Any CPU.Build.0 = Debug|Any CPU
		{D841C35E-5668-4A46-BCFA-7629BD542516}.Release|Any CPU.ActiveCfg = Release|Any CPU
		{D841C35E-5668-4A46-BCFA-7629BD542516}.Release|Any CPU.Build.0 = Release|Any CPU
		{6AC16863-3D02-4EED-957A-2EFA6D5CCDF8}.Debug|Any CPU.ActiveCfg = Debug|Any CPU
		{6AC16863-3D02-4EED-957A-2EFA6D5CCDF8}.Debug|Any CPU.Build.0 = Debug|Any CPU
		{6AC16863-3D02-4EED-957A-2EFA6D5CCDF8}.Release|Any CPU.ActiveCfg = Release|Any CPU
		{6AC16863-3D02-4EED-957A-2EFA6D5CCDF8}.Release|Any CPU.Build.0 = Release|Any CPU
	EndGlobalSection
	GlobalSection(SolutionProperties) = preSolution
		HideSolutionNode = FALSE
	EndGlobalSection
	GlobalSection(ExtensibilityGlobals) = postSolution
		SolutionGuid = {6945F4B6-E3EA-47F0-94A7-E4C7C7FF9C6A}
	EndGlobalSection
EndGlobal
