
Microsoft Visual Studio Solution File, Format Version 12.00
# Visual Studio Version 17
VisualStudioVersion = 17.0.32112.339
MinimumVisualStudioVersion = 10.0.40219.1
Project("{FAE04EC0-301F-11D3-BF4B-00C04F79EFBC}") = "T01.BakeryShop", "T01.BakeryShop\T01.BakeryShop.csproj", "{CE0E6ABF-21D8-4550-959C-3293C377738F}"
EndProject
Project("{FAE04EC0-301F-11D3-BF4B-00C04F79EFBC}") = "T02.BeaverAtWork", "T02.BeaverAtWork\T02.BeaverAtWork.csproj", "{FDE4B261-3F82-45A4-A47C-B896A98296DA}"
EndProject
Global
	GlobalSection(SolutionConfigurationPlatforms) = preSolution
		Debug|Any CPU = Debug|Any CPU
		Release|Any CPU = Release|Any CPU
	EndGlobalSection
	GlobalSection(ProjectConfigurationPlatforms) = postSolution
		{CE0E6ABF-21D8-4550-959C-3293C377738F}.Debug|Any CPU.ActiveCfg = Debug|Any CPU
		{CE0E6ABF-21D8-4550-959C-3293C377738F}.Debug|Any CPU.Build.0 = Debug|Any CPU
		{CE0E6ABF-21D8-4550-959C-3293C377738F}.Release|Any CPU.ActiveCfg = Release|Any CPU
		{CE0E6ABF-21D8-4550-959C-3293C377738F}.Release|Any CPU.Build.0 = Release|Any CPU
		{FDE4B261-3F82-45A4-A47C-B896A98296DA}.Debug|Any CPU.ActiveCfg = Debug|Any CPU
		{FDE4B261-3F82-45A4-A47C-B896A98296DA}.Debug|Any CPU.Build.0 = Debug|Any CPU
		{FDE4B261-3F82-45A4-A47C-B896A98296DA}.Release|Any CPU.ActiveCfg = Release|Any CPU
		{FDE4B261-3F82-45A4-A47C-B896A98296DA}.Release|Any CPU.Build.0 = Release|Any CPU
	EndGlobalSection
	GlobalSection(SolutionProperties) = preSolution
		HideSolutionNode = FALSE
	EndGlobalSection
	GlobalSection(ExtensibilityGlobals) = postSolution
		SolutionGuid = {772729B6-F99A-470D-987F-3043CF3C639F}
	EndGlobalSection
EndGlobal
