
Microsoft Visual Studio Solution File, Format Version 12.00
# Visual Studio Version 17
VisualStudioVersion = 17.0.32112.339
MinimumVisualStudioVersion = 10.0.40219.1
Project("{9A19103F-16F7-4668-BE54-9A1E7A4F7556}") = "T01SecretChat", "T01SecretChat\T01SecretChat.csproj", "{642693E1-9BE1-44BE-8E4D-DB801080247E}"
EndProject
Project("{FAE04EC0-301F-11D3-BF4B-00C04F79EFBC}") = "T02.FancyBarcodes", "T02.FancyBarcodes\T02.FancyBarcodes.csproj", "{C87CDDEA-9F0F-4E03-9000-049BD12438E3}"
EndProject
Project("{FAE04EC0-301F-11D3-BF4B-00C04F79EFBC}") = "T03irates", "T03irates\T03irates.csproj", "{9889C048-2E01-485A-9C71-D7344DAA8540}"
EndProject
Global
	GlobalSection(SolutionConfigurationPlatforms) = preSolution
		Debug|Any CPU = Debug|Any CPU
		Release|Any CPU = Release|Any CPU
	EndGlobalSection
	GlobalSection(ProjectConfigurationPlatforms) = postSolution
		{642693E1-9BE1-44BE-8E4D-DB801080247E}.Debug|Any CPU.ActiveCfg = Debug|Any CPU
		{642693E1-9BE1-44BE-8E4D-DB801080247E}.Debug|Any CPU.Build.0 = Debug|Any CPU
		{642693E1-9BE1-44BE-8E4D-DB801080247E}.Release|Any CPU.ActiveCfg = Release|Any CPU
		{642693E1-9BE1-44BE-8E4D-DB801080247E}.Release|Any CPU.Build.0 = Release|Any CPU
		{C87CDDEA-9F0F-4E03-9000-049BD12438E3}.Debug|Any CPU.ActiveCfg = Debug|Any CPU
		{C87CDDEA-9F0F-4E03-9000-049BD12438E3}.Debug|Any CPU.Build.0 = Debug|Any CPU
		{C87CDDEA-9F0F-4E03-9000-049BD12438E3}.Release|Any CPU.ActiveCfg = Release|Any CPU
		{C87CDDEA-9F0F-4E03-9000-049BD12438E3}.Release|Any CPU.Build.0 = Release|Any CPU
		{9889C048-2E01-485A-9C71-D7344DAA8540}.Debug|Any CPU.ActiveCfg = Debug|Any CPU
		{9889C048-2E01-485A-9C71-D7344DAA8540}.Debug|Any CPU.Build.0 = Debug|Any CPU
		{9889C048-2E01-485A-9C71-D7344DAA8540}.Release|Any CPU.ActiveCfg = Release|Any CPU
		{9889C048-2E01-485A-9C71-D7344DAA8540}.Release|Any CPU.Build.0 = Release|Any CPU
	EndGlobalSection
	GlobalSection(SolutionProperties) = preSolution
		HideSolutionNode = FALSE
	EndGlobalSection
	GlobalSection(ExtensibilityGlobals) = postSolution
		SolutionGuid = {7BFF4299-2F47-4D1A-A33D-BA018E717DE6}
	EndGlobalSection
EndGlobal
