
Microsoft Visual Studio Solution File, Format Version 12.00
# Visual Studio Version 17
VisualStudioVersion = 17.0.32112.339
MinimumVisualStudioVersion = 10.0.40219.1
Project("{FAE04EC0-301F-11D3-BF4B-00C04F79EFBC}") = "T01.GuineaPig", "T01.GuineaPig\T01.GuineaPig.csproj", "{8A38D485-0DFB-4644-8B52-A75985C04989}"
EndProject
Project("{FAE04EC0-301F-11D3-BF4B-00C04F79EFBC}") = "T02.ShoppingList", "T02.ShoppingList\T02.ShoppingList.csproj", "{841925B5-FD70-412E-8653-479CBF001FB1}"
EndProject
Project("{FAE04EC0-301F-11D3-BF4B-00C04F79EFBC}") = "T03.HeartDelivery", "T03.HeartDelivery\T03.HeartDelivery.csproj", "{1E9A1668-8FB9-4ED7-9DB4-3E3D3CE34D95}"
EndProject
Global
	GlobalSection(SolutionConfigurationPlatforms) = preSolution
		Debug|Any CPU = Debug|Any CPU
		Release|Any CPU = Release|Any CPU
	EndGlobalSection
	GlobalSection(ProjectConfigurationPlatforms) = postSolution
		{8A38D485-0DFB-4644-8B52-A75985C04989}.Debug|Any CPU.ActiveCfg = Debug|Any CPU
		{8A38D485-0DFB-4644-8B52-A75985C04989}.Debug|Any CPU.Build.0 = Debug|Any CPU
		{8A38D485-0DFB-4644-8B52-A75985C04989}.Release|Any CPU.ActiveCfg = Release|Any CPU
		{8A38D485-0DFB-4644-8B52-A75985C04989}.Release|Any CPU.Build.0 = Release|Any CPU
		{841925B5-FD70-412E-8653-479CBF001FB1}.Debug|Any CPU.ActiveCfg = Debug|Any CPU
		{841925B5-FD70-412E-8653-479CBF001FB1}.Debug|Any CPU.Build.0 = Debug|Any CPU
		{841925B5-FD70-412E-8653-479CBF001FB1}.Release|Any CPU.ActiveCfg = Release|Any CPU
		{841925B5-FD70-412E-8653-479CBF001FB1}.Release|Any CPU.Build.0 = Release|Any CPU
		{1E9A1668-8FB9-4ED7-9DB4-3E3D3CE34D95}.Debug|Any CPU.ActiveCfg = Debug|Any CPU
		{1E9A1668-8FB9-4ED7-9DB4-3E3D3CE34D95}.Debug|Any CPU.Build.0 = Debug|Any CPU
		{1E9A1668-8FB9-4ED7-9DB4-3E3D3CE34D95}.Release|Any CPU.ActiveCfg = Release|Any CPU
		{1E9A1668-8FB9-4ED7-9DB4-3E3D3CE34D95}.Release|Any CPU.Build.0 = Release|Any CPU
	EndGlobalSection
	GlobalSection(SolutionProperties) = preSolution
		HideSolutionNode = FALSE
	EndGlobalSection
	GlobalSection(ExtensibilityGlobals) = postSolution
		SolutionGuid = {BC2A927A-38F7-41F0-8304-185A844C64E0}
	EndGlobalSection
EndGlobal
