
Microsoft Visual Studio Solution File, Format Version 12.00
# Visual Studio Version 17
VisualStudioVersion = 17.0.32112.339
MinimumVisualStudioVersion = 10.0.40219.1
Project("{FAE04EC0-301F-11D3-BF4B-00C04F79EFBC}") = "ConsoleApp2", "ConsoleApp2.csproj", "{502A9A29-09C8-4C00-873A-A50CC2C38D58}"
EndProject
Global
	GlobalSection(SolutionConfigurationPlatforms) = preSolution
		Debug|Any CPU = Debug|Any CPU
		Release|Any CPU = Release|Any CPU
	EndGlobalSection
	GlobalSection(ProjectConfigurationPlatforms) = postSolution
		{502A9A29-09C8-4C00-873A-A50CC2C38D58}.Debug|Any CPU.ActiveCfg = Debug|Any CPU
		{502A9A29-09C8-4C00-873A-A50CC2C38D58}.Debug|Any CPU.Build.0 = Debug|Any CPU
		{502A9A29-09C8-4C00-873A-A50CC2C38D58}.Release|Any CPU.ActiveCfg = Release|Any CPU
		{502A9A29-09C8-4C00-873A-A50CC2C38D58}.Release|Any CPU.Build.0 = Release|Any CPU
	EndGlobalSection
	GlobalSection(SolutionProperties) = preSolution
		HideSolutionNode = FALSE
	EndGlobalSection
	GlobalSection(ExtensibilityGlobals) = postSolution
		SolutionGuid = {683DB6DB-E6C8-4162-A010-5217669D693B}
	EndGlobalSection
EndGlobal
