
Microsoft Visual Studio Solution File, Format Version 12.00
# Visual Studio Version 17
VisualStudioVersion = 17.0.32112.339
MinimumVisualStudioVersion = 10.0.40219.1
Project("{FAE04EC0-301F-11D3-BF4B-00C04F79EFBC}") = "T01.FoodFinder", "T01.FoodFinder\T01.FoodFinder.csproj", "{951ABEAD-BF07-4FA8-82D4-F39EE6DF6F28}"
EndProject
Project("{FAE04EC0-301F-11D3-BF4B-00C04F79EFBC}") = "T02.PawnWars", "T02.PawnWars\T02.PawnWars.csproj", "{FC8F6814-BD85-4C49-A0DE-F633DAF77483}"
EndProject
Global
	GlobalSection(SolutionConfigurationPlatforms) = preSolution
		Debug|Any CPU = Debug|Any CPU
		Release|Any CPU = Release|Any CPU
	EndGlobalSection
	GlobalSection(ProjectConfigurationPlatforms) = postSolution
		{951ABEAD-BF07-4FA8-82D4-F39EE6DF6F28}.Debug|Any CPU.ActiveCfg = Debug|Any CPU
		{951ABEAD-BF07-4FA8-82D4-F39EE6DF6F28}.Debug|Any CPU.Build.0 = Debug|Any CPU
		{951ABEAD-BF07-4FA8-82D4-F39EE6DF6F28}.Release|Any CPU.ActiveCfg = Release|Any CPU
		{951ABEAD-BF07-4FA8-82D4-F39EE6DF6F28}.Release|Any CPU.Build.0 = Release|Any CPU
		{FC8F6814-BD85-4C49-A0DE-F633DAF77483}.Debug|Any CPU.ActiveCfg = Debug|Any CPU
		{FC8F6814-BD85-4C49-A0DE-F633DAF77483}.Debug|Any CPU.Build.0 = Debug|Any CPU
		{FC8F6814-BD85-4C49-A0DE-F633DAF77483}.Release|Any CPU.ActiveCfg = Release|Any CPU
		{FC8F6814-BD85-4C49-A0DE-F633DAF77483}.Release|Any CPU.Build.0 = Release|Any CPU
	EndGlobalSection
	GlobalSection(SolutionProperties) = preSolution
		HideSolutionNode = FALSE
	EndGlobalSection
	GlobalSection(ExtensibilityGlobals) = postSolution
		SolutionGuid = {0BC1D867-4A26-4762-9D73-94DBB088EAFD}
	EndGlobalSection
EndGlobal
