
Microsoft Visual Studio Solution File, Format Version 12.00
# Visual Studio Version 16
VisualStudioVersion = 16.0.31515.178
MinimumVisualStudioVersion = 10.0.40219.1
Project("{9A19103F-16F7-4668-BE54-9A1E7A4F7556}") = "Exam", "Exam\Exam.csproj", "{0B12B655-9A5F-480A-8275-578117295242}"
EndProject
Project("{9A19103F-16F7-4668-BE54-9A1E7A4F7556}") = "EVEREST", "EVEREST\EVEREST.csproj", "{EBF0B446-FFBE-4CFD-8DD5-3C7DB6047DAC}"
EndProject
Project("{FAE04EC0-301F-11D3-BF4B-00C04F79EFBC}") = "MultiplyTable", "MultiplyTable\MultiplyTable.csproj", "{5C631525-BE52-4938-BBC0-CEA5B370C6A3}"
EndProject
Global
	GlobalSection(SolutionConfigurationPlatforms) = preSolution
		Debug|Any CPU = Debug|Any CPU
		Release|Any CPU = Release|Any CPU
	EndGlobalSection
	GlobalSection(ProjectConfigurationPlatforms) = postSolution
		{0B12B655-9A5F-480A-8275-578117295242}.Debug|Any CPU.ActiveCfg = Debug|Any CPU
		{0B12B655-9A5F-480A-8275-578117295242}.Debug|Any CPU.Build.0 = Debug|Any CPU
		{0B12B655-9A5F-480A-8275-578117295242}.Release|Any CPU.ActiveCfg = Release|Any CPU
		{0B12B655-9A5F-480A-8275-578117295242}.Release|Any CPU.Build.0 = Release|Any CPU
		{EBF0B446-FFBE-4CFD-8DD5-3C7DB6047DAC}.Debug|Any CPU.ActiveCfg = Debug|Any CPU
		{EBF0B446-FFBE-4CFD-8DD5-3C7DB6047DAC}.Debug|Any CPU.Build.0 = Debug|Any CPU
		{EBF0B446-FFBE-4CFD-8DD5-3C7DB6047DAC}.Release|Any CPU.ActiveCfg = Release|Any CPU
		{EBF0B446-FFBE-4CFD-8DD5-3C7DB6047DAC}.Release|Any CPU.Build.0 = Release|Any CPU
		{5C631525-BE52-4938-BBC0-CEA5B370C6A3}.Debug|Any CPU.ActiveCfg = Debug|Any CPU
		{5C631525-BE52-4938-BBC0-CEA5B370C6A3}.Debug|Any CPU.Build.0 = Debug|Any CPU
		{5C631525-BE52-4938-BBC0-CEA5B370C6A3}.Release|Any CPU.ActiveCfg = Release|Any CPU
		{5C631525-BE52-4938-BBC0-CEA5B370C6A3}.Release|Any CPU.Build.0 = Release|Any CPU
	EndGlobalSection
	GlobalSection(SolutionProperties) = preSolution
		HideSolutionNode = FALSE
	EndGlobalSection
	GlobalSection(ExtensibilityGlobals) = postSolution
		SolutionGuid = {D68CA682-FC10-4500-8C90-C7DDD9124ABD}
	EndGlobalSection
EndGlobal
