
Microsoft Visual Studio Solution File, Format Version 12.00
# Visual Studio Version 17
VisualStudioVersion = 17.0.32112.339
MinimumVisualStudioVersion = 10.0.40219.1
Project("{FAE04EC0-301F-11D3-BF4B-00C04F79EFBC}") = "T01", "T01\T01.csproj", "{40104DD7-EC8E-45CE-BA3C-608145F09EF6}"
EndProject
Project("{FAE04EC0-301F-11D3-BF4B-00C04F79EFBC}") = "T02.WallDestroyer", "T02.WallDestroyer\T02.WallDestroyer.csproj", "{4AEAA5E0-E534-4FBD-8D8A-3B581316823F}"
EndProject
Global
	GlobalSection(SolutionConfigurationPlatforms) = preSolution
		Debug|Any CPU = Debug|Any CPU
		Release|Any CPU = Release|Any CPU
	EndGlobalSection
	GlobalSection(ProjectConfigurationPlatforms) = postSolution
		{40104DD7-EC8E-45CE-BA3C-608145F09EF6}.Debug|Any CPU.ActiveCfg = Debug|Any CPU
		{40104DD7-EC8E-45CE-BA3C-608145F09EF6}.Debug|Any CPU.Build.0 = Debug|Any CPU
		{40104DD7-EC8E-45CE-BA3C-608145F09EF6}.Release|Any CPU.ActiveCfg = Release|Any CPU
		{40104DD7-EC8E-45CE-BA3C-608145F09EF6}.Release|Any CPU.Build.0 = Release|Any CPU
		{4AEAA5E0-E534-4FBD-8D8A-3B581316823F}.Debug|Any CPU.ActiveCfg = Debug|Any CPU
		{4AEAA5E0-E534-4FBD-8D8A-3B581316823F}.Debug|Any CPU.Build.0 = Debug|Any CPU
		{4AEAA5E0-E534-4FBD-8D8A-3B581316823F}.Release|Any CPU.ActiveCfg = Release|Any CPU
		{4AEAA5E0-E534-4FBD-8D8A-3B581316823F}.Release|Any CPU.Build.0 = Release|Any CPU
	EndGlobalSection
	GlobalSection(SolutionProperties) = preSolution
		HideSolutionNode = FALSE
	EndGlobalSection
	GlobalSection(ExtensibilityGlobals) = postSolution
		SolutionGuid = {25C0FADD-8367-4C92-AE19-3A7D7E096583}
	EndGlobalSection
EndGlobal
