
Microsoft Visual Studio Solution File, Format Version 12.00
# Visual Studio Version 17
VisualStudioVersion = 17.0.32112.339
MinimumVisualStudioVersion = 10.0.40219.1
Project("{FAE04EC0-301F-11D3-BF4B-00C04F79EFBC}") = "T01.TheImmitationGame", "T01.TheImmitationGame\T01.TheImmitationGame.csproj", "{05DE5956-4477-4546-8B96-F8F5D6AF6B7C}"
EndProject
Global
	GlobalSection(SolutionConfigurationPlatforms) = preSolution
		Debug|Any CPU = Debug|Any CPU
		Release|Any CPU = Release|Any CPU
	EndGlobalSection
	GlobalSection(ProjectConfigurationPlatforms) = postSolution
		{05DE5956-4477-4546-8B96-F8F5D6AF6B7C}.Debug|Any CPU.ActiveCfg = Debug|Any CPU
		{05DE5956-4477-4546-8B96-F8F5D6AF6B7C}.Debug|Any CPU.Build.0 = Debug|Any CPU
		{05DE5956-4477-4546-8B96-F8F5D6AF6B7C}.Release|Any CPU.ActiveCfg = Release|Any CPU
		{05DE5956-4477-4546-8B96-F8F5D6AF6B7C}.Release|Any CPU.Build.0 = Release|Any CPU
	EndGlobalSection
	GlobalSection(SolutionProperties) = preSolution
		HideSolutionNode = FALSE
	EndGlobalSection
	GlobalSection(ExtensibilityGlobals) = postSolution
		SolutionGuid = {65A589E8-B043-419B-9E44-3EE314A08CE8}
	EndGlobalSection
EndGlobal
